hash: 35a22beddcb2e1580014a8e3e1fe281bf802e511423592651d2c7df40111b0d1
updated: 2018-12-12T11:05:54.644639+08:00
imports:
- name: github.com/Laisky/go-utils
  version: 7b8d9e0c463fbbc60044e7fd45d291ca9d5ee98b
testImports:
- name: github.com/kr/pretty
  version: 73f6ac0b30a98e433b289500d779f50c1a6f0712
- name: github.com/kr/text
  version: e2ffdb16a802fe2bb95e2e35ff34f0e53aeef34f
- name: gopkg.in/check.v1
  version: 788fd78401277ebd861206a03c884797c6ec5541
